# This file is automatically @generated by Cargo.
# It is not intended for manual editing.
version = 4

[[package]]
name = "adler"
version = "1.0.2"
source = "registry+https://github.com/rust-lang/crates.io-index"
checksum = "f26201604c87b1e01bd3d98f8d5d9a8fcbb815e8cedb41ffccbeb4bf593a35fe"

[[package]]
name = "anyhow"
version = "1.0.86"
source = "registry+https://github.com/rust-lang/crates.io-index"
checksum = "b3d1d046238990b9cf5bcde22a3fb3584ee5cf65fb2765f454ed428c7a0063da"

[[package]]
name = "askama"
version = "0.12.1"
source = "registry+https://github.com/rust-lang/crates.io-index"
checksum = "b79091df18a97caea757e28cd2d5fda49c6cd4bd01ddffd7ff01ace0c0ad2c28"
dependencies = [
 "askama_derive",
 "askama_escape",
]

[[package]]
name = "askama_derive"
version = "0.12.5"
source = "registry+https://github.com/rust-lang/crates.io-index"
checksum = "19fe8d6cb13c4714962c072ea496f3392015f0989b1a2847bb4b2d9effd71d83"
dependencies = [
 "askama_parser",
 "basic-toml",
 "mime",
 "mime_guess",
 "proc-macro2",
 "quote",
 "serde",
 "syn",
]

[[package]]
name = "askama_escape"
version = "0.10.3"
source = "registry+https://github.com/rust-lang/crates.io-index"
checksum = "619743e34b5ba4e9703bba34deac3427c72507c7159f5fd030aea8cac0cfe341"

[[package]]
name = "askama_parser"
version = "0.2.1"
source = "registry+https://github.com/rust-lang/crates.io-index"
checksum = "acb1161c6b64d1c3d83108213c2a2533a342ac225aabd0bda218278c2ddb00c0"
dependencies = [
 "nom",
]

[[package]]
name = "autocfg"
version = "1.3.0"
source = "registry+https://github.com/rust-lang/crates.io-index"
checksum = "0c4b4d0bd25bd0b74681c0ad21497610ce1b7c91b1022cd21c80c6fbdd9476b0"

[[package]]
name = "automerge"
version = "0.7.2"
source = "registry+https://github.com/rust-lang/crates.io-index"
checksum = "b06c470ec20f3ccfbf9103e5539554d5b986852fcefaa9b44298dcca0daf1630"
dependencies = [
 "cfg-if",
 "flate2",
 "getrandom",
 "hex",
 "hexane",
 "itertools",
 "js-sys",
 "leb128",
 "rand",
 "rustc-hash",
 "serde",
 "sha2",
 "smol_str",
 "thiserror 2.0.17",
 "tinyvec",
 "tracing",
 "unicode-segmentation",
 "wasm-bindgen",
 "web-sys",
]

[[package]]
name = "basic-toml"
version = "0.1.9"
source = "registry+https://github.com/rust-lang/crates.io-index"
checksum = "823388e228f614e9558c6804262db37960ec8821856535f5c3f59913140558f8"
dependencies = [
 "serde",
]

[[package]]
name = "bincode"
version = "1.3.3"
source = "registry+https://github.com/rust-lang/crates.io-index"
checksum = "b1f45e9417d87227c7a56d22e471c6206462cba514c7590c09aff4cf6d1ddcad"
dependencies = [
 "serde",
]

[[package]]
name = "block-buffer"
version = "0.11.0"
source = "registry+https://github.com/rust-lang/crates.io-index"
checksum = "96eb4cdd6cf1b31d671e9efe75c5d1ec614776856cefbe109ca373554a6d514f"
dependencies = [
 "hybrid-array",
]

[[package]]
name = "borsh"
version = "1.5.7"
source = "registry+https://github.com/rust-lang/crates.io-index"
checksum = "ad8646f98db542e39fc66e68a20b2144f6a732636df7c2354e74645faaa433ce"
dependencies = [
 "cfg_aliases",
]

[[package]]
name = "bumpalo"
version = "3.16.0"
source = "registry+https://github.com/rust-lang/crates.io-index"
checksum = "79296716171880943b8470b5f8d03aa55eb2e645a4874bdbb28adb49162e012c"

[[package]]
name = "bytes"
version = "1.6.0"
source = "registry+https://github.com/rust-lang/crates.io-index"
checksum = "514de17de45fdb8dc022b1a7975556c53c86f9f0aa5f534b98977b171857c2c9"

[[package]]
name = "camino"
version = "1.1.7"
source = "registry+https://github.com/rust-lang/crates.io-index"
checksum = "e0ec6b951b160caa93cc0c7b209e5a3bff7aae9062213451ac99493cd844c239"
dependencies = [
 "serde",
]

[[package]]
name = "cargo-platform"
version = "0.1.8"
source = "registry+https://github.com/rust-lang/crates.io-index"
checksum = "24b1f0365a6c6bb4020cd05806fd0d33c44d38046b8bd7f0e40814b9763cabfc"
dependencies = [
 "serde",
]

[[package]]
name = "cargo_metadata"
version = "0.15.4"
source = "registry+https://github.com/rust-lang/crates.io-index"
checksum = "eee4243f1f26fc7a42710e7439c149e2b10b05472f88090acce52632f231a73a"
dependencies = [
 "camino",
 "cargo-platform",
 "semver",
 "serde",
 "serde_json",
 "thiserror 1.0.61",
]

[[package]]
name = "cfg-if"
version = "1.0.0"
source = "registry+https://github.com/rust-lang/crates.io-index"
checksum = "baf1de4339761588bc0619e3cbc0120ee582ebb74b53b4efbf79117bd2da40fd"

[[package]]
name = "cfg_aliases"
version = "0.2.1"
source = "registry+https://github.com/rust-lang/crates.io-index"
checksum = "613afe47fcd5fac7ccf1db93babcb082c5994d996f20b8b159f2ad1658eb5724"

[[package]]
name = "const-oid"
version = "0.10.1"
source = "registry+https://github.com/rust-lang/crates.io-index"
checksum = "0dabb6555f92fb9ee4140454eb5dcd14c7960e1225c6d1a6cc361f032947713e"

[[package]]
name = "cpufeatures"
version = "0.2.12"
source = "registry+https://github.com/rust-lang/crates.io-index"
checksum = "53fe5e26ff1b7aef8bca9c6080520cfb8d9333c7568e1829cef191a9723e5504"
dependencies = [
 "libc",
]

[[package]]
name = "crc32fast"
version = "1.4.2"
source = "registry+https://github.com/rust-lang/crates.io-index"
checksum = "a97769d94ddab943e4510d138150169a2758b5ef3eb191a9ee688de3e23ef7b3"
dependencies = [
 "cfg-if",
]

[[package]]
name = "crypto-common"
version = "0.2.0-rc.5"
source = "registry+https://github.com/rust-lang/crates.io-index"
checksum = "919bd05924682a5480aec713596b9e2aabed3a0a6022fab6847f85a99e5f190a"
dependencies = [
 "hybrid-array",
]

[[package]]
name = "digest"
version = "0.11.0-rc.4"
source = "registry+https://github.com/rust-lang/crates.io-index"
checksum = "ea390c940e465846d64775e55e3115d5dc934acb953de6f6e6360bc232fe2bf7"
dependencies = [
 "block-buffer",
 "const-oid",
 "crypto-common",
]

[[package]]
name = "either"
version = "1.12.0"
source = "registry+https://github.com/rust-lang/crates.io-index"
checksum = "3dca9240753cf90908d7e4aac30f630662b02aebaa1b58a3cadabdb23385b58b"

[[package]]
name = "flate2"
version = "1.0.30"
source = "registry+https://github.com/rust-lang/crates.io-index"
checksum = "5f54427cfd1c7829e2a139fcefea601bf088ebca651d2bf53ebc600eac295dae"
dependencies = [
 "crc32fast",
 "miniz_oxide",
]

[[package]]
name = "fs-err"
version = "2.11.0"
source = "registry+https://github.com/rust-lang/crates.io-index"
checksum = "88a41f105fe1d5b6b34b2055e3dc59bb79b46b48b2040b9e6c7b4b5de097aa41"
dependencies = [
 "autocfg",
]

[[package]]
name = "getrandom"
version = "0.3.4"
source = "registry+https://github.com/rust-lang/crates.io-index"
checksum = "899def5c37c4fd7b2664648c28120ecec138e4d395b459e5ca34f9cce2dd77fd"
dependencies = [
 "cfg-if",
 "js-sys",
 "libc",
 "r-efi",
 "wasip2",
 "wasm-bindgen",
]

[[package]]
name = "glob"
version = "0.3.1"
source = "registry+https://github.com/rust-lang/crates.io-index"
checksum = "d2fabcfbdc87f4758337ca535fb41a6d701b65693ce38287d856d1674551ec9b"

[[package]]
name = "goblin"
version = "0.8.2"
source = "registry+https://github.com/rust-lang/crates.io-index"
checksum = "1b363a30c165f666402fe6a3024d3bec7ebc898f96a4a23bd1c99f8dbf3f4f47"
dependencies = [
 "log",
 "plain",
 "scroll",
]

[[package]]
name = "heck"
version = "0.5.0"
source = "registry+https://github.com/rust-lang/crates.io-index"
checksum = "2304e00983f87ffb38b55b444b5e3b60a884b5d30c0fca7d82fe33449bbe55ea"

[[package]]
name = "hex"
version = "0.4.3"
source = "registry+https://github.com/rust-lang/crates.io-index"
checksum = "7f24254aa9a54b5c858eaee2f5bccdb46aaf0e486a595ed5fd8f86ba55232a70"

[[package]]
name = "hexane"
version = "0.1.6"
source = "registry+https://github.com/rust-lang/crates.io-index"
checksum = "402a2f365e3200d82b0bb4874f203ad02a480400329990751c6330b1b4007354"
dependencies = [
 "leb128",
 "thiserror 2.0.17",
 "web-sys",
]

[[package]]
name = "hybrid-array"
version = "0.4.5"
source = "registry+https://github.com/rust-lang/crates.io-index"
checksum = "f471e0a81b2f90ffc0cb2f951ae04da57de8baa46fa99112b062a5173a5088d0"
dependencies = [
 "typenum",
]

[[package]]
name = "itertools"
version = "0.14.0"
source = "registry+https://github.com/rust-lang/crates.io-index"
checksum = "2b192c782037fadd9cfa75548310488aabdbf3d2da73885b31bd0abd03351285"
dependencies = [
 "either",
]

[[package]]
name = "itoa"
version = "1.0.11"
source = "registry+https://github.com/rust-lang/crates.io-index"
checksum = "49f1f14873335454500d59611f1cf4a4b0f786f9ac11f4312a78e4cf2566695b"

[[package]]
name = "js-sys"
version = "0.3.82"
source = "registry+https://github.com/rust-lang/crates.io-index"
checksum = "b011eec8cc36da2aab2d5cff675ec18454fad408585853910a202391cf9f8e65"
dependencies = [
 "once_cell",
 "wasm-bindgen",
]

[[package]]
name = "leb128"
version = "0.2.5"
source = "registry+https://github.com/rust-lang/crates.io-index"
checksum = "884e2677b40cc8c339eaefcb701c32ef1fd2493d71118dc0ca4b6a736c93bd67"

[[package]]
name = "libc"
version = "0.2.155"
source = "registry+https://github.com/rust-lang/crates.io-index"
checksum = "97b3888a4aecf77e811145cadf6eef5901f4782c53886191b2f693f24761847c"

[[package]]
name = "log"
version = "0.4.21"
source = "registry+https://github.com/rust-lang/crates.io-index"
checksum = "90ed8c1e510134f979dbc4f070f87d4313098b704861a105fe34231c70a3901c"

[[package]]
name = "memchr"
version = "2.7.2"
source = "registry+https://github.com/rust-lang/crates.io-index"
checksum = "6c8640c5d730cb13ebd907d8d04b52f55ac9a2eec55b440c8892f40d56c76c1d"

[[package]]
name = "mime"
version = "0.3.17"
source = "registry+https://github.com/rust-lang/crates.io-index"
checksum = "6877bb514081ee2a7ff5ef9de3281f14a4dd4bceac4c09388074a6b5df8a139a"

[[package]]
name = "mime_guess"
version = "2.0.4"
source = "registry+https://github.com/rust-lang/crates.io-index"
checksum = "4192263c238a5f0d0c6bfd21f336a313a4ce1c450542449ca191bb657b4642ef"
dependencies = [
 "mime",
 "unicase",
]

[[package]]
name = "minimal-lexical"
version = "0.2.1"
source = "registry+https://github.com/rust-lang/crates.io-index"
checksum = "68354c5c6bd36d73ff3feceb05efa59b6acb7626617f4962be322a825e61f79a"

[[package]]
name = "miniz_oxide"
version = "0.7.3"
source = "registry+https://github.com/rust-lang/crates.io-index"
checksum = "87dfd01fe195c66b572b37921ad8803d010623c0aca821bea2302239d155cdae"
dependencies = [
 "adler",
]

[[package]]
name = "nom"
version = "7.1.3"
source = "registry+https://github.com/rust-lang/crates.io-index"
checksum = "d273983c5a657a70a3e8f2a01329822f3b8c8172b73826411a55751e404a0a4a"
dependencies = [
 "memchr",
 "minimal-lexical",
]

[[package]]
name = "once_cell"
version = "1.19.0"
source = "registry+https://github.com/rust-lang/crates.io-index"
checksum = "3fdb12b2476b595f9358c5161aa467c2438859caa136dec86c26fdd2efe17b92"

[[package]]
name = "paste"
version = "1.0.15"
source = "registry+https://github.com/rust-lang/crates.io-index"
checksum = "57c0d7b74b563b49d38dae00a0c37d4d6de9b432382b2892f0574ddcae73fd0a"

[[package]]
name = "pin-project-lite"
version = "0.2.14"
source = "registry+https://github.com/rust-lang/crates.io-index"
checksum = "bda66fc9667c18cb2758a2ac84d1167245054bcf85d5d1aaa6923f45801bdd02"

[[package]]
name = "plain"
version = "0.2.3"
source = "registry+https://github.com/rust-lang/crates.io-index"
checksum = "b4596b6d070b27117e987119b4dac604f3c58cfb0b191112e24771b2faeac1a6"

[[package]]
name = "ppv-lite86"
version = "0.2.21"
source = "registry+https://github.com/rust-lang/crates.io-index"
checksum = "85eae3c4ed2f50dcfe72643da4befc30deadb458a9b590d720cde2f2b1e97da9"
dependencies = [
 "zerocopy",
]

[[package]]
name = "proc-macro2"
version = "1.0.103"
source = "registry+https://github.com/rust-lang/crates.io-index"
checksum = "5ee95bc4ef87b8d5ba32e8b7714ccc834865276eab0aed5c9958d00ec45f49e8"
dependencies = [
 "unicode-ident",
]

[[package]]
name = "quote"
version = "1.0.36"
source = "registry+https://github.com/rust-lang/crates.io-index"
checksum = "0fa76aaf39101c457836aec0ce2316dbdc3ab723cdda1c6bd4e6ad4208acaca7"
dependencies = [
 "proc-macro2",
]

[[package]]
name = "r-efi"
version = "5.3.0"
source = "registry+https://github.com/rust-lang/crates.io-index"
checksum = "69cdb34c158ceb288df11e18b4bd39de994f6657d83847bdffdbd7f346754b0f"

[[package]]
name = "rand"
version = "0.9.2"
source = "registry+https://github.com/rust-lang/crates.io-index"
checksum = "6db2770f06117d490610c7488547d543617b21bfa07796d7a12f6f1bd53850d1"
dependencies = [
 "rand_chacha",
 "rand_core",
]

[[package]]
name = "rand_chacha"
version = "0.9.0"
source = "registry+https://github.com/rust-lang/crates.io-index"
checksum = "d3022b5f1df60f26e1ffddd6c66e8aa15de382ae63b3a0c1bfc0e4d3e3f325cb"
dependencies = [
 "ppv-lite86",
 "rand_core",
]

[[package]]
name = "rand_core"
version = "0.9.3"
source = "registry+https://github.com/rust-lang/crates.io-index"
checksum = "99d9a13982dcf210057a8a78572b2217b667c3beacbf3a0d8b454f6f82837d38"
dependencies = [
 "getrandom",
]

[[package]]
name = "rustc-hash"
version = "2.1.1"
source = "registry+https://github.com/rust-lang/crates.io-index"
checksum = "357703d41365b4b27c590e3ed91eabb1b663f07c4c084095e60cbed4362dff0d"

[[package]]
name = "rustversion"
version = "1.0.22"
source = "registry+https://github.com/rust-lang/crates.io-index"
checksum = "b39cdef0fa800fc44525c84ccb54a029961a8215f9619753635a9c0d2538d46d"

[[package]]
name = "ryu"
version = "1.0.18"
source = "registry+https://github.com/rust-lang/crates.io-index"
checksum = "f3cb5ba0dc43242ce17de99c180e96db90b235b8a9fdc9543c96d2209116bd9f"

[[package]]
name = "scroll"
version = "0.12.0"
source = "registry+https://github.com/rust-lang/crates.io-index"
checksum = "6ab8598aa408498679922eff7fa985c25d58a90771bd6be794434c5277eab1a6"
dependencies = [
 "scroll_derive",
]

[[package]]
name = "scroll_derive"
version = "0.12.0"
source = "registry+https://github.com/rust-lang/crates.io-index"
checksum = "7f81c2fde025af7e69b1d1420531c8a8811ca898919db177141a85313b1cb932"
dependencies = [
 "proc-macro2",
 "quote",
 "syn",
]

[[package]]
name = "semver"
version = "1.0.23"
source = "registry+https://github.com/rust-lang/crates.io-index"
checksum = "61697e0a1c7e512e84a621326239844a24d8207b4669b41bc18b32ea5cbf988b"
dependencies = [
 "serde",
]

[[package]]
name = "serde"
version = "1.0.228"
source = "registry+https://github.com/rust-lang/crates.io-index"
checksum = "9a8e94ea7f378bd32cbbd37198a4a91436180c5bb472411e48b5ec2e2124ae9e"
dependencies = [
 "serde_core",
 "serde_derive",
]

[[package]]
name = "serde_core"
version = "1.0.228"
source = "registry+https://github.com/rust-lang/crates.io-index"
checksum = "41d385c7d4ca58e59fc732af25c3983b67ac852c1a25000afe1175de458b67ad"
dependencies = [
 "serde_derive",
]

[[package]]
name = "serde_derive"
version = "1.0.228"
source = "registry+https://github.com/rust-lang/crates.io-index"
checksum = "d540f220d3187173da220f885ab66608367b6574e925011a9353e4badda91d79"
dependencies = [
 "proc-macro2",
 "quote",
 "syn",
]

[[package]]
name = "serde_json"
version = "1.0.117"
source = "registry+https://github.com/rust-lang/crates.io-index"
checksum = "455182ea6142b14f93f4bc5320a2b31c1f266b66a4a5c858b013302a5d8cbfc3"
dependencies = [
 "itoa",
 "ryu",
 "serde",
]

[[package]]
name = "sha2"
version = "0.11.0-rc.3"
source = "registry+https://github.com/rust-lang/crates.io-index"
checksum = "19d43dc0354d88b791216bb5c1bfbb60c0814460cc653ae0ebd71f286d0bd927"
dependencies = [
 "cfg-if",
 "cpufeatures",
 "digest",
]

[[package]]
name = "siphasher"
version = "0.3.11"
source = "registry+https://github.com/rust-lang/crates.io-index"
checksum = "38b58827f4464d87d377d175e90bf58eb00fd8716ff0a62f80356b5e61555d0d"

[[package]]
name = "smawk"
version = "0.3.2"
source = "registry+https://github.com/rust-lang/crates.io-index"
checksum = "b7c388c1b5e93756d0c740965c41e8822f866621d41acbdf6336a6a168f8840c"

[[package]]
name = "smol_str"
version = "0.3.4"
source = "registry+https://github.com/rust-lang/crates.io-index"
checksum = "3498b0a27f93ef1402f20eefacfaa1691272ac4eca1cdc8c596cb0a245d6cbf5"
dependencies = [
 "borsh",
 "serde_core",
]

[[package]]
name = "static_assertions"
version = "1.1.0"
source = "registry+https://github.com/rust-lang/crates.io-index"
checksum = "a2eb9349b6444b326872e140eb1cf5e7c522154d69e7a0ffb0fb81c06b37543f"

[[package]]
name = "syn"
version = "2.0.110"
source = "registry+https://github.com/rust-lang/crates.io-index"
checksum = "a99801b5bd34ede4cf3fc688c5919368fea4e4814a4664359503e6015b280aea"
dependencies = [
 "proc-macro2",
 "quote",
 "unicode-ident",
]

[[package]]
name = "textwrap"
version = "0.16.1"
source = "registry+https://github.com/rust-lang/crates.io-index"
checksum = "23d434d3f8967a09480fb04132ebe0a3e088c173e6d0ee7897abbdf4eab0f8b9"
dependencies = [
 "smawk",
]

[[package]]
name = "thiserror"
version = "1.0.61"
source = "registry+https://github.com/rust-lang/crates.io-index"
checksum = "c546c80d6be4bc6a00c0f01730c08df82eaa7a7a61f11d656526506112cc1709"
dependencies = [
 "thiserror-impl 1.0.61",
]

[[package]]
name = "thiserror"
version = "2.0.17"
source = "registry+https://github.com/rust-lang/crates.io-index"
checksum = "f63587ca0f12b72a0600bcba1d40081f830876000bb46dd2337a3051618f4fc8"
dependencies = [
 "thiserror-impl 2.0.17",
]

[[package]]
name = "thiserror-impl"
version = "1.0.61"
source = "registry+https://github.com/rust-lang/crates.io-index"
checksum = "46c3384250002a6d5af4d114f2845d37b57521033f30d5c3f46c4d70e1197533"
dependencies = [
 "proc-macro2",
 "quote",
 "syn",
]

[[package]]
name = "thiserror-impl"
version = "2.0.17"
source = "registry+https://github.com/rust-lang/crates.io-index"
checksum = "3ff15c8ecd7de3849db632e14d18d2571fa09dfc5ed93479bc4485c7a517c913"
dependencies = [
 "proc-macro2",
 "quote",
 "syn",
]

[[package]]
name = "tinyvec"
version = "1.6.0"
source = "registry+https://github.com/rust-lang/crates.io-index"
checksum = "87cc5ceb3875bb20c2890005a4e226a4651264a5c75edb2421b52861a0a0cb50"
dependencies = [
 "tinyvec_macros",
]

[[package]]
name = "tinyvec_macros"
version = "0.1.1"
source = "registry+https://github.com/rust-lang/crates.io-index"
checksum = "1f3ccbac311fea05f86f61904b462b55fb3df8837a366dfc601a0161d0532f20"

[[package]]
name = "toml"
version = "0.5.11"
source = "registry+https://github.com/rust-lang/crates.io-index"
checksum = "f4f7f0dd8d50a853a531c426359045b1998f04219d88799810762cd4ad314234"
dependencies = [
 "serde",
]

[[package]]
name = "tracing"
version = "0.1.40"
source = "registry+https://github.com/rust-lang/crates.io-index"
checksum = "c3523ab5a71916ccf420eebdf5521fcef02141234bbc0b8a49f2fdc4544364ef"
dependencies = [
 "pin-project-lite",
 "tracing-attributes",
 "tracing-core",
]

[[package]]
name = "tracing-attributes"
version = "0.1.27"
source = "registry+https://github.com/rust-lang/crates.io-index"
checksum = "34704c8d6ebcbc939824180af020566b01a7c01f80641264eba0999f6c2b6be7"
dependencies = [
 "proc-macro2",
 "quote",
 "syn",
]

[[package]]
name = "tracing-core"
version = "0.1.32"
source = "registry+https://github.com/rust-lang/crates.io-index"
checksum = "c06d3da6113f116aaee68e4d601191614c9053067f9ab7f6edbcb161237daa54"
dependencies = [
 "once_cell",
]

[[package]]
name = "typenum"
version = "1.17.0"
source = "registry+https://github.com/rust-lang/crates.io-index"
checksum = "42ff0bf0c66b8238c6f3b578df37d0b7848e55df8577b3f74f92a69acceeb825"

[[package]]
name = "unicase"
version = "2.7.0"
source = "registry+https://github.com/rust-lang/crates.io-index"
checksum = "f7d2d4dafb69621809a81864c9c1b864479e1235c0dd4e199924b9742439ed89"
dependencies = [
 "version_check",
]

[[package]]
name = "unicode-ident"
version = "1.0.12"
source = "registry+https://github.com/rust-lang/crates.io-index"
checksum = "3354b9ac3fae1ff6755cb6db53683adb661634f67557942dea4facebec0fee4b"

[[package]]
name = "unicode-segmentation"
version = "1.11.0"
source = "registry+https://github.com/rust-lang/crates.io-index"
checksum = "d4c87d22b6e3f4a18d4d40ef354e97c90fcb14dd91d7dc0aa9d8a1172ebf7202"

[[package]]
name = "uniffi"
version = "0.28.2"
source = "registry+https://github.com/rust-lang/crates.io-index"
checksum = "51ce6280c581045879e11b400bae14686a819df22b97171215d15549efa04ddb"
dependencies = [
 "anyhow",
 "cargo_metadata",
 "uniffi_bindgen",
 "uniffi_build",
 "uniffi_core",
 "uniffi_macros",
]

[[package]]
name = "uniffi_automerge"
version = "0.1.0"
dependencies = [
 "automerge",
 "thiserror 1.0.61",
 "uniffi",
]

[[package]]
name = "uniffi_bindgen"
version = "0.28.2"
source = "registry+https://github.com/rust-lang/crates.io-index"
checksum = "5e9f25730c9db2e878521d606f54e921edb719cdd94d735e7f97705d6796d024"
dependencies = [
 "anyhow",
 "askama",
 "camino",
 "cargo_metadata",
 "fs-err",
 "glob",
 "goblin",
 "heck",
 "once_cell",
 "paste",
 "serde",
 "textwrap",
 "toml",
 "uniffi_meta",
 "uniffi_udl",
]

[[package]]
name = "uniffi_build"
version = "0.28.2"
source = "registry+https://github.com/rust-lang/crates.io-index"
checksum = "88dba57ac699bd8ec53d6a352c8dd0e479b33f698c5659831bb1e4ce468c07bd"
dependencies = [
 "anyhow",
 "camino",
 "uniffi_bindgen",
]

[[package]]
name = "uniffi_checksum_derive"
version = "0.28.2"
source = "registry+https://github.com/rust-lang/crates.io-index"
checksum = "d2c801f0f05b06df456a2da4c41b9c2c4fdccc6b9916643c6c67275c4c9e4d07"
dependencies = [
 "quote",
 "syn",
]

[[package]]
name = "uniffi_core"
version = "0.28.2"
source = "registry+https://github.com/rust-lang/crates.io-index"
checksum = "61049e4db6212d0ede80982adf0e1d6fa224e6118387324c5cfbe3083dfb2252"
dependencies = [
 "anyhow",
 "bytes",
 "log",
 "once_cell",
 "paste",
 "static_assertions",
]

[[package]]
name = "uniffi_macros"
version = "0.28.2"
source = "registry+https://github.com/rust-lang/crates.io-index"
checksum = "b40fd2249e0c5dcbd2bfa3c263db1ec981f7273dca7f4132bf06a272359a586c"
dependencies = [
 "bincode",
 "camino",
 "fs-err",
 "once_cell",
 "proc-macro2",
 "quote",
 "serde",
 "syn",
 "toml",
 "uniffi_meta",
]

[[package]]
name = "uniffi_meta"
version = "0.28.2"
source = "registry+https://github.com/rust-lang/crates.io-index"
checksum = "c9ad57039b4fafdbf77428d74fff40e0908e5a1731e023c19cfe538f6d4a8ed6"
dependencies = [
 "anyhow",
 "bytes",
 "siphasher",
 "uniffi_checksum_derive",
]

[[package]]
name = "uniffi_testing"
version = "0.28.2"
source = "registry+https://github.com/rust-lang/crates.io-index"
checksum = "21fa171d4d258dc51bbd01893cc9608c1b62273d2f9ea55fb64f639e77824567"
dependencies = [
 "anyhow",
 "camino",
 "cargo_metadata",
 "fs-err",
 "once_cell",
]

[[package]]
name = "uniffi_udl"
version = "0.28.2"
source = "registry+https://github.com/rust-lang/crates.io-index"
checksum = "f52299e247419e7e2934bef2f94d7cccb0e6566f3248b1d48b160d8f369a2668"
dependencies = [
 "anyhow",
 "textwrap",
 "uniffi_meta",
 "uniffi_testing",
 "weedle2",
]

[[package]]
name = "version_check"
version = "0.9.4"
source = "registry+https://github.com/rust-lang/crates.io-index"
checksum = "49874b5167b65d7193b8aba1567f5c7d93d001cafc34600cee003eda787e483f"

[[package]]
name = "wasip2"
version = "1.0.1+wasi-0.2.4"
source = "registry+https://github.com/rust-lang/crates.io-index"
checksum = "0562428422c63773dad2c345a1882263bbf4d65cf3f42e90921f787ef5ad58e7"
dependencies = [
 "wit-bindgen",
]

[[package]]
name = "wasm-bindgen"
version = "0.2.105"
source = "registry+https://github.com/rust-lang/crates.io-index"
checksum = "da95793dfc411fbbd93f5be7715b0578ec61fe87cb1a42b12eb625caa5c5ea60"
dependencies = [
 "cfg-if",
 "once_cell",
 "rustversion",
 "wasm-bindgen-macro",
 "wasm-bindgen-shared",
]

[[package]]
name = "wasm-bindgen-macro"
version = "0.2.105"
source = "registry+https://github.com/rust-lang/crates.io-index"
checksum = "04264334509e04a7bf8690f2384ef5265f05143a4bff3889ab7a3269adab59c2"
dependencies = [
 "quote",
 "wasm-bindgen-macro-support",
]

[[package]]
name = "wasm-bindgen-macro-support"
version = "0.2.105"
source = "registry+https://github.com/rust-lang/crates.io-index"
checksum = "420bc339d9f322e562942d52e115d57e950d12d88983a14c79b86859ee6c7ebc"
dependencies = [
 "bumpalo",
 "proc-macro2",
 "quote",
 "syn",
 "wasm-bindgen-shared",
]

[[package]]
name = "wasm-bindgen-shared"
version = "0.2.105"
source = "registry+https://github.com/rust-lang/crates.io-index"
checksum = "76f218a38c84bcb33c25ec7059b07847d465ce0e0a76b995e134a45adcb6af76"
dependencies = [
 "unicode-ident",
]

[[package]]
name = "web-sys"
version = "0.3.72"
source = "registry+https://github.com/rust-lang/crates.io-index"
checksum = "f6488b90108c040df0fe62fa815cbdee25124641df01814dd7282749234c6112"
dependencies = [
 "js-sys",
 "wasm-bindgen",
]

[[package]]
name = "weedle2"
version = "5.0.0"
source = "registry+https://github.com/rust-lang/crates.io-index"
checksum = "998d2c24ec099a87daf9467808859f9d82b61f1d9c9701251aea037f514eae0e"
dependencies = [
 "nom",
]

[[package]]
name = "wit-bindgen"
version = "0.46.0"
source = "registry+https://github.com/rust-lang/crates.io-index"
checksum = "f17a85883d4e6d00e8a97c586de764dabcc06133f7f1d55dce5cdc070ad7fe59"

[[package]]
name = "zerocopy"
version = "0.8.27"
source = "registry+https://github.com/rust-lang/crates.io-index"
checksum = "0894878a5fa3edfd6da3f88c4805f4c8558e2b996227a3d864f47fe11e38282c"
dependencies = [
 "zerocopy-derive",
]

[[package]]
name = "zerocopy-derive"
version = "0.8.27"
source = "registry+https://github.com/rust-lang/crates.io-index"
checksum = "88d2b8d9c68ad2b9e4340d7832716a4d21a22a1154777ad56ea55c51a9cf3831"
dependencies = [
 "proc-macro2",
 "quote",
 "syn",
]
